
Microsoft Visual Studio Solution File, Format Version 12.00
# Visual Studio Version 17
VisualStudioVersion = 17.0.31903.59
MinimumVisualStudioVersion = 10.0.40219.1
Project("{FAE04EC0-301F-11D3-BF4B-00C04F79EFBC}") = "MafWorkshop.Agent", "MafWorkshop.Agent\MafWorkshop.Agent.csproj", "{2211229F-A059-42F3-AFE6-073CA2048B12}"
EndProject
Project("{FAE04EC0-301F-11D3-BF4B-00C04F79EFBC}") = "MafWorkshop.WebUI", "MafWorkshop.WebUI\MafWorkshop.WebUI.csproj", "{D2CFB04B-144A-44A0-A97F-C55ED5F12FDF}"
EndProject
Project("{FAE04EC0-301F-11D3-BF4B-00C04F79EFBC}") = "MafWorkshop.ServiceDefaults", "MafWorkshop.ServiceDefaults\MafWorkshop.ServiceDefaults.csproj", "{C23821FF-4FED-4D66-9366-FF65CA5848C0}"
EndProject
Project("{FAE04EC0-301F-11D3-BF4B-00C04F79EFBC}") = "MafWorkshop.AppHost", "MafWorkshop.AppHost\MafWorkshop.AppHost.csproj", "{21707B31-A413-4743-8538-5FFE9C610AD5}"
EndProject
Global
	GlobalSection(SolutionConfigurationPlatforms) = preSolution
		Debug|Any CPU = Debug|Any CPU
		Debug|x64 = Debug|x64
		Debug|x86 = Debug|x86
		Release|Any CPU = Release|Any CPU
		Release|x64 = Release|x64
		Release|x86 = Release|x86
	EndGlobalSection
	GlobalSection(ProjectConfigurationPlatforms) = postSolution
		{2211229F-A059-42F3-AFE6-073CA2048B12}.Debug|Any CPU.ActiveCfg = Debug|Any CPU
		{2211229F-A059-42F3-AFE6-073CA2048B12}.Debug|Any CPU.Build.0 = Debug|Any CPU
		{2211229F-A059-42F3-AFE6-073CA2048B12}.Debug|x64.ActiveCfg = Debug|Any CPU
		{2211229F-A059-42F3-AFE6-073CA2048B12}.Debug|x64.Build.0 = Debug|Any CPU
		{2211229F-A059-42F3-AFE6-073CA2048B12}.Debug|x86.ActiveCfg = Debug|Any CPU
		{2211229F-A059-42F3-AFE6-073CA2048B12}.Debug|x86.Build.0 = Debug|Any CPU
		{2211229F-A059-42F3-AFE6-073CA2048B12}.Release|Any CPU.ActiveCfg = Release|Any CPU
		{2211229F-A059-42F3-AFE6-073CA2048B12}.Release|Any CPU.Build.0 = Release|Any CPU
		{2211229F-A059-42F3-AFE6-073CA2048B12}.Release|x64.ActiveCfg = Release|Any CPU
		{2211229F-A059-42F3-AFE6-073CA2048B12}.Release|x64.Build.0 = Release|Any CPU
		{2211229F-A059-42F3-AFE6-073CA2048B12}.Release|x86.ActiveCfg = Release|Any CPU
		{2211229F-A059-42F3-AFE6-073CA2048B12}.Release|x86.Build.0 = Release|Any CPU
		{D2CFB04B-144A-44A0-A97F-C55ED5F12FDF}.Debug|Any CPU.ActiveCfg = Debug|Any CPU
		{D2CFB04B-144A-44A0-A97F-C55ED5F12FDF}.Debug|Any CPU.Build.0 = Debug|Any CPU
		{D2CFB04B-144A-44A0-A97F-C55ED5F12FDF}.Debug|x64.ActiveCfg = Debug|Any CPU
		{D2CFB04B-144A-44A0-A97F-C55ED5F12FDF}.Debug|x64.Build.0 = Debug|Any CPU
		{D2CFB04B-144A-44A0-A97F-C55ED5F12FDF}.Debug|x86.ActiveCfg = Debug|Any CPU
		{D2CFB04B-144A-44A0-A97F-C55ED5F12FDF}.Debug|x86.Build.0 = Debug|Any CPU
		{D2CFB04B-144A-44A0-A97F-C55ED5F12FDF}.Release|Any CPU.ActiveCfg = Release|Any CPU
		{D2CFB04B-144A-44A0-A97F-C55ED5F12FDF}.Release|Any CPU.Build.0 = Release|Any CPU
		{D2CFB04B-144A-44A0-A97F-C55ED5F12FDF}.Release|x64.ActiveCfg = Release|Any CPU
		{D2CFB04B-144A-44A0-A97F-C55ED5F12FDF}.Release|x64.Build.0 = Release|Any CPU
		{D2CFB04B-144A-44A0-A97F-C55ED5F12FDF}.Release|x86.ActiveCfg = Release|Any CPU
		{D2CFB04B-144A-44A0-A97F-C55ED5F12FDF}.Release|x86.Build.0 = Release|Any CPU
		{C23821FF-4FED-4D66-9366-FF65CA5848C0}.Debug|Any CPU.ActiveCfg = Debug|Any CPU
		{C23821FF-4FED-4D66-9366-FF65CA5848C0}.Debug|Any CPU.Build.0 = Debug|Any CPU
		{C23821FF-4FED-4D66-9366-FF65CA5848C0}.Debug|x64.ActiveCfg = Debug|Any CPU
		{C23821FF-4FED-4D66-9366-FF65CA5848C0}.Debug|x64.Build.0 = Debug|Any CPU
		{C23821FF-4FED-4D66-9366-FF65CA5848C0}.Debug|x86.ActiveCfg = Debug|Any CPU
		{C23821FF-4FED-4D66-9366-FF65CA5848C0}.Debug|x86.Build.0 = Debug|Any CPU
		{C23821FF-4FED-4D66-9366-FF65CA5848C0}.Release|Any CPU.ActiveCfg = Release|Any CPU
		{C23821FF-4FED-4D66-9366-FF65CA5848C0}.Release|Any CPU.Build.0 = Release|Any CPU
		{C23821FF-4FED-4D66-9366-FF65CA5848C0}.Release|x64.ActiveCfg = Release|Any CPU
		{C23821FF-4FED-4D66-9366-FF65CA5848C0}.Release|x64.Build.0 = Release|Any CPU
		{C23821FF-4FED-4D66-9366-FF65CA5848C0}.Release|x86.ActiveCfg = Release|Any CPU
		{C23821FF-4FED-4D66-9366-FF65CA5848C0}.Release|x86.Build.0 = Release|Any CPU
		{21707B31-A413-4743-8538-5FFE9C610AD5}.Debug|Any CPU.ActiveCfg = Debug|Any CPU
		{21707B31-A413-4743-8538-5FFE9C610AD5}.Debug|Any CPU.Build.0 = Debug|Any CPU
		{21707B31-A413-4743-8538-5FFE9C610AD5}.Debug|x64.ActiveCfg = Debug|Any CPU
		{21707B31-A413-4743-8538-5FFE9C610AD5}.Debug|x64.Build.0 = Debug|Any CPU
		{21707B31-A413-4743-8538-5FFE9C610AD5}.Debug|x86.ActiveCfg = Debug|Any CPU
		{21707B31-A413-4743-8538-5FFE9C610AD5}.Debug|x86.Build.0 = Debug|Any CPU
		{21707B31-A413-4743-8538-5FFE9C610AD5}.Release|Any CPU.ActiveCfg = Release|Any CPU
		{21707B31-A413-4743-8538-5FFE9C610AD5}.Release|Any CPU.Build.0 = Release|Any CPU
		{21707B31-A413-4743-8538-5FFE9C610AD5}.Release|x64.ActiveCfg = Release|Any CPU
		{21707B31-A413-4743-8538-5FFE9C610AD5}.Release|x64.Build.0 = Release|Any CPU
		{21707B31-A413-4743-8538-5FFE9C610AD5}.Release|x86.ActiveCfg = Release|Any CPU
		{21707B31-A413-4743-8538-5FFE9C610AD5}.Release|x86.Build.0 = Release|Any CPU
	EndGlobalSection
	GlobalSection(SolutionProperties) = preSolution
		HideSolutionNode = FALSE
	EndGlobalSection
EndGlobal
